
Microsoft Visual Studio Solution File, Format Version 12.00
# Visual Studio Version 16
VisualStudioVersion = 16.0.32413.511
MinimumVisualStudioVersion = 10.0.40219.1
Project("{FAE04EC0-301F-11D3-BF4B-00C04F79EFBC}") = "PASI.Api.Application", "PASI.Api.Application\PASI.Api.Application.csproj", "{804DB953-80AF-4A42-B319-A50BD2B4CA96}"
EndProject
Project("{FAE04EC0-301F-11D3-BF4B-00C04F79EFBC}") = "PASI.Api.Services", "PASI.Api.Services\PASI.Api.Services.csproj", "{F3A8E6BD-FD17-4918-AF20-ED1A946AA80C}"
EndProject
Global
	GlobalSection(SolutionConfigurationPlatforms) = preSolution
		Debug|Any CPU = Debug|Any CPU
		Release|Any CPU = Release|Any CPU
	EndGlobalSection
	GlobalSection(ProjectConfigurationPlatforms) = postSolution
		{804DB953-80AF-4A42-B319-A50BD2B4CA96}.Debug|Any CPU.ActiveCfg = Debug|Any CPU
		{804DB953-80AF-4A42-B319-A50BD2B4CA96}.Debug|Any CPU.Build.0 = Debug|Any CPU
		{804DB953-80AF-4A42-B319-A50BD2B4CA96}.Release|Any CPU.ActiveCfg = Release|Any CPU
		{804DB953-80AF-4A42-B319-A50BD2B4CA96}.Release|Any CPU.Build.0 = Release|Any CPU
		{F3A8E6BD-FD17-4918-AF20-ED1A946AA80C}.Debug|Any CPU.ActiveCfg = Debug|Any CPU
		{F3A8E6BD-FD17-4918-AF20-ED1A946AA80C}.Debug|Any CPU.Build.0 = Debug|Any CPU
		{F3A8E6BD-FD17-4918-AF20-ED1A946AA80C}.Release|Any CPU.ActiveCfg = Release|Any CPU
		{F3A8E6BD-FD17-4918-AF20-ED1A946AA80C}.Release|Any CPU.Build.0 = Release|Any CPU
	EndGlobalSection
	GlobalSection(SolutionProperties) = preSolution
		HideSolutionNode = FALSE
	EndGlobalSection
	GlobalSection(ExtensibilityGlobals) = postSolution
		SolutionGuid = {DA48C9A5-0263-492D-909C-EE2EEEEF27C3}
	EndGlobalSection
EndGlobal
